
Microsoft Visual Studio Solution File, Format Version 12.00
# Visual Studio Version 16
VisualStudioVersion = 16.0.30621.155
MinimumVisualStudioVersion = 10.0.40219.1
Project("{9A19103F-16F7-4668-BE54-9A1E7A4F7556}") = "FlashcardsAppDataManager", "FlashcardsAppDataManager\FlashcardsAppDataManager.csproj", "{90610AC8-6BA3-4AFA-B486-AD5323B98645}"
EndProject
Project("{FAE04EC0-301F-11D3-BF4B-00C04F79EFBC}") = "FlashcardsApp.UWP", "FlashcardsApp\FlashcardsApp.UWP\FlashcardsApp.UWP.csproj", "{F82A39A0-1D12-4B28-88CD-C7C96646E06D}"
EndProject
Project("{FAE04EC0-301F-11D3-BF4B-00C04F79EFBC}") = "FlashcardsApp.Android", "FlashcardsApp\FlashcardsApp.Android\FlashcardsApp.Android.csproj", "{7F149103-D00C-4CB8-B3BC-A9A7AD6D52A0}"
EndProject
Project("{FAE04EC0-301F-11D3-BF4B-00C04F79EFBC}") = "FlashcardsApp.iOS", "FlashcardsApp\FlashcardsApp.iOS\FlashcardsApp.iOS.csproj", "{C7C4F194-A4A6-465A-A219-9FDD9A31FB3A}"
EndProject
Project("{FAE04EC0-301F-11D3-BF4B-00C04F79EFBC}") = "FlashcardsApp", "FlashcardsApp\FlashcardsApp\FlashcardsApp.csproj", "{61C73C69-0359-4339-B1A8-D60D82AF94F2}"
EndProject
Global
	GlobalSection(SolutionConfigurationPlatforms) = preSolution
		Debug|Any CPU = Debug|Any CPU
		Debug|ARM = Debug|ARM
		Debug|iPhone = Debug|iPhone
		Debug|iPhoneSimulator = Debug|iPhoneSimulator
		Debug|x64 = Debug|x64
		Debug|x86 = Debug|x86
		Release|Any CPU = Release|Any CPU
		Release|ARM = Release|ARM
		Release|iPhone = Release|iPhone
		Release|iPhoneSimulator = Release|iPhoneSimulator
		Release|x64 = Release|x64
		Release|x86 = Release|x86
	EndGlobalSection
	GlobalSection(ProjectConfigurationPlatforms) = postSolution
		{90610AC8-6BA3-4AFA-B486-AD5323B98645}.Debug|Any CPU.ActiveCfg = Debug|Any CPU
		{90610AC8-6BA3-4AFA-B486-AD5323B98645}.Debug|Any CPU.Build.0 = Debug|Any CPU
		{90610AC8-6BA3-4AFA-B486-AD5323B98645}.Debug|ARM.ActiveCfg = Debug|Any CPU
		{90610AC8-6BA3-4AFA-B486-AD5323B98645}.Debug|ARM.Build.0 = Debug|Any CPU
		{90610AC8-6BA3-4AFA-B486-AD5323B98645}.Debug|iPhone.ActiveCfg = Debug|Any CPU
		{90610AC8-6BA3-4AFA-B486-AD5323B98645}.Debug|iPhone.Build.0 = Debug|Any CPU
		{90610AC8-6BA3-4AFA-B486-AD5323B98645}.Debug|iPhoneSimulator.ActiveCfg = Debug|Any CPU
		{90610AC8-6BA3-4AFA-B486-AD5323B98645}.Debug|iPhoneSimulator.Build.0 = Debug|Any CPU
		{90610AC8-6BA3-4AFA-B486-AD5323B98645}.Debug|x64.ActiveCfg = Debug|Any CPU
		{90610AC8-6BA3-4AFA-B486-AD5323B98645}.Debug|x64.Build.0 = Debug|Any CPU
		{90610AC8-6BA3-4AFA-B486-AD5323B98645}.Debug|x86.ActiveCfg = Debug|Any CPU
		{90610AC8-6BA3-4AFA-B486-AD5323B98645}.Debug|x86.Build.0 = Debug|Any CPU
		{90610AC8-6BA3-4AFA-B486-AD5323B98645}.Release|Any CPU.ActiveCfg = Release|Any CPU
		{90610AC8-6BA3-4AFA-B486-AD5323B98645}.Release|Any CPU.Build.0 = Release|Any CPU
		{90610AC8-6BA3-4AFA-B486-AD5323B98645}.Release|ARM.ActiveCfg = Release|Any CPU
		{90610AC8-6BA3-4AFA-B486-AD5323B98645}.Release|ARM.Build.0 = Release|Any CPU
		{90610AC8-6BA3-4AFA-B486-AD5323B98645}.Release|iPhone.ActiveCfg = Release|Any CPU
		{90610AC8-6BA3-4AFA-B486-AD5323B98645}.Release|iPhone.Build.0 = Release|Any CPU
		{90610AC8-6BA3-4AFA-B486-AD5323B98645}.Release|iPhoneSimulator.ActiveCfg = Release|Any CPU
		{90610AC8-6BA3-4AFA-B486-AD5323B98645}.Release|iPhoneSimulator.Build.0 = Release|Any CPU
		{90610AC8-6BA3-4AFA-B486-AD5323B98645}.Release|x64.ActiveCfg = Release|Any CPU
		{90610AC8-6BA3-4AFA-B486-AD5323B98645}.Release|x64.Build.0 = Release|Any CPU
		{90610AC8-6BA3-4AFA-B486-AD5323B98645}.Release|x86.ActiveCfg = Release|Any CPU
		{90610AC8-6BA3-4AFA-B486-AD5323B98645}.Release|x86.Build.0 = Release|Any CPU
		{F82A39A0-1D12-4B28-88CD-C7C96646E06D}.Debug|Any CPU.ActiveCfg = Debug|x86
		{F82A39A0-1D12-4B28-88CD-C7C96646E06D}.Debug|ARM.ActiveCfg = Debug|ARM
		{F82A39A0-1D12-4B28-88CD-C7C96646E06D}.Debug|ARM.Build.0 = Debug|ARM
		{F82A39A0-1D12-4B28-88CD-C7C96646E06D}.Debug|ARM.Deploy.0 = Debug|ARM
		{F82A39A0-1D12-4B28-88CD-C7C96646E06D}.Debug|iPhone.ActiveCfg = Debug|x86
		{F82A39A0-1D12-4B28-88CD-C7C96646E06D}.Debug|iPhoneSimulator.ActiveCfg = Debug|x86
		{F82A39A0-1D12-4B28-88CD-C7C96646E06D}.Debug|x64.ActiveCfg = Debug|x64
		{F82A39A0-1D12-4B28-88CD-C7C96646E06D}.Debug|x64.Build.0 = Debug|x64
		{F82A39A0-1D12-4B28-88CD-C7C96646E06D}.Debug|x64.Deploy.0 = Debug|x64
		{F82A39A0-1D12-4B28-88CD-C7C96646E06D}.Debug|x86.ActiveCfg = Debug|x86
		{F82A39A0-1D12-4B28-88CD-C7C96646E06D}.Debug|x86.Build.0 = Debug|x86
		{F82A39A0-1D12-4B28-88CD-C7C96646E06D}.Debug|x86.Deploy.0 = Debug|x86
		{F82A39A0-1D12-4B28-88CD-C7C96646E06D}.Release|Any CPU.ActiveCfg = Release|x86
		{F82A39A0-1D12-4B28-88CD-C7C96646E06D}.Release|ARM.ActiveCfg = Release|ARM
		{F82A39A0-1D12-4B28-88CD-C7C96646E06D}.Release|ARM.Build.0 = Release|ARM
		{F82A39A0-1D12-4B28-88CD-C7C96646E06D}.Release|ARM.Deploy.0 = Release|ARM
		{F82A39A0-1D12-4B28-88CD-C7C96646E06D}.Release|iPhone.ActiveCfg = Release|x86
		{F82A39A0-1D12-4B28-88CD-C7C96646E06D}.Release|iPhoneSimulator.ActiveCfg = Release|x86
		{F82A39A0-1D12-4B28-88CD-C7C96646E06D}.Release|x64.ActiveCfg = Release|x64
		{F82A39A0-1D12-4B28-88CD-C7C96646E06D}.Release|x64.Build.0 = Release|x64
		{F82A39A0-1D12-4B28-88CD-C7C96646E06D}.Release|x64.Deploy.0 = Release|x64
		{F82A39A0-1D12-4B28-88CD-C7C96646E06D}.Release|x86.ActiveCfg = Release|x86
		{F82A39A0-1D12-4B28-88CD-C7C96646E06D}.Release|x86.Build.0 = Release|x86
		{F82A39A0-1D12-4B28-88CD-C7C96646E06D}.Release|x86.Deploy.0 = Release|x86
		{7F149103-D00C-4CB8-B3BC-A9A7AD6D52A0}.Debug|Any CPU.ActiveCfg = Debug|Any CPU
		{7F149103-D00C-4CB8-B3BC-A9A7AD6D52A0}.Debug|Any CPU.Build.0 = Debug|Any CPU
		{7F149103-D00C-4CB8-B3BC-A9A7AD6D52A0}.Debug|Any CPU.Deploy.0 = Debug|Any CPU
		{7F149103-D00C-4CB8-B3BC-A9A7AD6D52A0}.Debug|ARM.ActiveCfg = Debug|Any CPU
		{7F149103-D00C-4CB8-B3BC-A9A7AD6D52A0}.Debug|ARM.Build.0 = Debug|Any CPU
		{7F149103-D00C-4CB8-B3BC-A9A7AD6D52A0}.Debug|ARM.Deploy.0 = Debug|Any CPU
		{7F149103-D00C-4CB8-B3BC-A9A7AD6D52A0}.Debug|iPhone.ActiveCfg = Debug|Any CPU
		{7F149103-D00C-4CB8-B3BC-A9A7AD6D52A0}.Debug|iPhone.Build.0 = Debug|Any CPU
		{7F149103-D00C-4CB8-B3BC-A9A7AD6D52A0}.Debug|iPhone.Deploy.0 = Debug|Any CPU
		{7F149103-D00C-4CB8-B3BC-A9A7AD6D52A0}.Debug|iPhoneSimulator.ActiveCfg = Debug|Any CPU
		{7F149103-D00C-4CB8-B3BC-A9A7AD6D52A0}.Debug|iPhoneSimulator.Build.0 = Debug|Any CPU
		{7F149103-D00C-4CB8-B3BC-A9A7AD6D52A0}.Debug|iPhoneSimulator.Deploy.0 = Debug|Any CPU
		{7F149103-D00C-4CB8-B3BC-A9A7AD6D52A0}.Debug|x64.ActiveCfg = Debug|Any CPU
		{7F149103-D00C-4CB8-B3BC-A9A7AD6D52A0}.Debug|x64.Build.0 = Debug|Any CPU
		{7F149103-D00C-4CB8-B3BC-A9A7AD6D52A0}.Debug|x64.Deploy.0 = Debug|Any CPU
		{7F149103-D00C-4CB8-B3BC-A9A7AD6D52A0}.Debug|x86.ActiveCfg = Debug|Any CPU
		{7F149103-D00C-4CB8-B3BC-A9A7AD6D52A0}.Debug|x86.Build.0 = Debug|Any CPU
		{7F149103-D00C-4CB8-B3BC-A9A7AD6D52A0}.Debug|x86.Deploy.0 = Debug|Any CPU
		{7F149103-D00C-4CB8-B3BC-A9A7AD6D52A0}.Release|Any CPU.ActiveCfg = Release|Any CPU
		{7F149103-D00C-4CB8-B3BC-A9A7AD6D52A0}.Release|Any CPU.Build.0 = Release|Any CPU
		{7F149103-D00C-4CB8-B3BC-A9A7AD6D52A0}.Release|Any CPU.Deploy.0 = Release|Any CPU
		{7F149103-D00C-4CB8-B3BC-A9A7AD6D52A0}.Release|ARM.ActiveCfg = Release|Any CPU
		{7F149103-D00C-4CB8-B3BC-A9A7AD6D52A0}.Release|ARM.Build.0 = Release|Any CPU
		{7F149103-D00C-4CB8-B3BC-A9A7AD6D52A0}.Release|ARM.Deploy.0 = Release|Any CPU
		{7F149103-D00C-4CB8-B3BC-A9A7AD6D52A0}.Release|iPhone.ActiveCfg = Release|Any CPU
		{7F149103-D00C-4CB8-B3BC-A9A7AD6D52A0}.Release|iPhone.Build.0 = Release|Any CPU
		{7F149103-D00C-4CB8-B3BC-A9A7AD6D52A0}.Release|iPhone.Deploy.0 = Release|Any CPU
		{7F149103-D00C-4CB8-B3BC-A9A7AD6D52A0}.Release|iPhoneSimulator.ActiveCfg = Release|Any CPU
		{7F149103-D00C-4CB8-B3BC-A9A7AD6D52A0}.Release|iPhoneSimulator.Build.0 = Release|Any CPU
		{7F149103-D00C-4CB8-B3BC-A9A7AD6D52A0}.Release|iPhoneSimulator.Deploy.0 = Release|Any CPU
		{7F149103-D00C-4CB8-B3BC-A9A7AD6D52A0}.Release|x64.ActiveCfg = Release|Any CPU
		{7F149103-D00C-4CB8-B3BC-A9A7AD6D52A0}.Release|x64.Build.0 = Release|Any CPU
		{7F149103-D00C-4CB8-B3BC-A9A7AD6D52A0}.Release|x64.Deploy.0 = Release|Any CPU
		{7F149103-D00C-4CB8-B3BC-A9A7AD6D52A0}.Release|x86.ActiveCfg = Release|Any CPU
		{7F149103-D00C-4CB8-B3BC-A9A7AD6D52A0}.Release|x86.Build.0 = Release|Any CPU
		{7F149103-D00C-4CB8-B3BC-A9A7AD6D52A0}.Release|x86.Deploy.0 = Release|Any CPU
		{C7C4F194-A4A6-465A-A219-9FDD9A31FB3A}.Debug|Any CPU.ActiveCfg = Debug|iPhoneSimulator
		{C7C4F194-A4A6-465A-A219-9FDD9A31FB3A}.Debug|ARM.ActiveCfg = Debug|iPhoneSimulator
		{C7C4F194-A4A6-465A-A219-9FDD9A31FB3A}.Debug|iPhone.ActiveCfg = Debug|iPhone
		{C7C4F194-A4A6-465A-A219-9FDD9A31FB3A}.Debug|iPhone.Build.0 = Debug|iPhone
		{C7C4F194-A4A6-465A-A219-9FDD9A31FB3A}.Debug|iPhoneSimulator.ActiveCfg = Debug|iPhoneSimulator
		{C7C4F194-A4A6-465A-A219-9FDD9A31FB3A}.Debug|iPhoneSimulator.Build.0 = Debug|iPhoneSimulator
		{C7C4F194-A4A6-465A-A219-9FDD9A31FB3A}.Debug|x64.ActiveCfg = Debug|iPhoneSimulator
		{C7C4F194-A4A6-465A-A219-9FDD9A31FB3A}.Debug|x86.ActiveCfg = Debug|iPhoneSimulator
		{C7C4F194-A4A6-465A-A219-9FDD9A31FB3A}.Release|Any CPU.ActiveCfg = Release|iPhoneSimulator
		{C7C4F194-A4A6-465A-A219-9FDD9A31FB3A}.Release|ARM.ActiveCfg = Release|iPhoneSimulator
		{C7C4F194-A4A6-465A-A219-9FDD9A31FB3A}.Release|iPhone.ActiveCfg = Release|iPhone
		{C7C4F194-A4A6-465A-A219-9FDD9A31FB3A}.Release|iPhone.Build.0 = Release|iPhone
		{C7C4F194-A4A6-465A-A219-9FDD9A31FB3A}.Release|iPhoneSimulator.ActiveCfg = Release|iPhoneSimulator
		{C7C4F194-A4A6-465A-A219-9FDD9A31FB3A}.Release|iPhoneSimulator.Build.0 = Release|iPhoneSimulator
		{C7C4F194-A4A6-465A-A219-9FDD9A31FB3A}.Release|x64.ActiveCfg = Release|iPhoneSimulator
		{C7C4F194-A4A6-465A-A219-9FDD9A31FB3A}.Release|x86.ActiveCfg = Release|iPhoneSimulator
		{61C73C69-0359-4339-B1A8-D60D82AF94F2}.Debug|Any CPU.ActiveCfg = Debug|Any CPU
		{61C73C69-0359-4339-B1A8-D60D82AF94F2}.Debug|Any CPU.Build.0 = Debug|Any CPU
		{61C73C69-0359-4339-B1A8-D60D82AF94F2}.Debug|ARM.ActiveCfg = Debug|Any CPU
		{61C73C69-0359-4339-B1A8-D60D82AF94F2}.Debug|ARM.Build.0 = Debug|Any CPU
		{61C73C69-0359-4339-B1A8-D60D82AF94F2}.Debug|iPhone.ActiveCfg = Debug|Any CPU
		{61C73C69-0359-4339-B1A8-D60D82AF94F2}.Debug|iPhone.Build.0 = Debug|Any CPU
		{61C73C69-0359-4339-B1A8-D60D82AF94F2}.Debug|iPhoneSimulator.ActiveCfg = Debug|Any CPU
		{61C73C69-0359-4339-B1A8-D60D82AF94F2}.Debug|iPhoneSimulator.Build.0 = Debug|Any CPU
		{61C73C69-0359-4339-B1A8-D60D82AF94F2}.Debug|x64.ActiveCfg = Debug|Any CPU
		{61C73C69-0359-4339-B1A8-D60D82AF94F2}.Debug|x64.Build.0 = Debug|Any CPU
		{61C73C69-0359-4339-B1A8-D60D82AF94F2}.Debug|x86.ActiveCfg = Debug|Any CPU
		{61C73C69-0359-4339-B1A8-D60D82AF94F2}.Debug|x86.Build.0 = Debug|Any CPU
		{61C73C69-0359-4339-B1A8-D60D82AF94F2}.Release|Any CPU.ActiveCfg = Release|Any CPU
		{61C73C69-0359-4339-B1A8-D60D82AF94F2}.Release|Any CPU.Build.0 = Release|Any CPU
		{61C73C69-0359-4339-B1A8-D60D82AF94F2}.Release|ARM.ActiveCfg = Release|Any CPU
		{61C73C69-0359-4339-B1A8-D60D82AF94F2}.Release|ARM.Build.0 = Release|Any CPU
		{61C73C69-0359-4339-B1A8-D60D82AF94F2}.Release|iPhone.ActiveCfg = Release|Any CPU
		{61C73C69-0359-4339-B1A8-D60D82AF94F2}.Release|iPhone.Build.0 = Release|Any CPU
		{61C73C69-0359-4339-B1A8-D60D82AF94F2}.Release|iPhoneSimulator.ActiveCfg = Release|Any CPU
		{61C73C69-0359-4339-B1A8-D60D82AF94F2}.Release|iPhoneSimulator.Build.0 = Release|Any CPU
		{61C73C69-0359-4339-B1A8-D60D82AF94F2}.Release|x64.ActiveCfg = Release|Any CPU
		{61C73C69-0359-4339-B1A8-D60D82AF94F2}.Release|x64.Build.0 = Release|Any CPU
		{61C73C69-0359-4339-B1A8-D60D82AF94F2}.Release|x86.ActiveCfg = Release|Any CPU
		{61C73C69-0359-4339-B1A8-D60D82AF94F2}.Release|x86.Build.0 = Release|Any CPU
	EndGlobalSection
	GlobalSection(SolutionProperties) = preSolution
		HideSolutionNode = FALSE
	EndGlobalSection
	GlobalSection(ExtensibilityGlobals) = postSolution
		SolutionGuid = {14B42975-A9C0-448F-B311-D086F00E9C1E}
	EndGlobalSection
EndGlobal
